// !$*UTF8*$!
{
	archiveVersion = 1;
	classes = {
	};
	objectVersion = 48;
	objects = {

/* Begin PBXBuildFile section */
		FDEE41472075ED0C00FE79F0 /* AppDelegate.swift in Sources */ = {isa = PBXBuildFile; fileRef = FDEE41462075ED0C00FE79F0 /* AppDelegate.swift */; };
		FDEE41492075ED0C00FE79F0 /* ViewController.swift in Sources */ = {isa = PBXBuildFile; fileRef = FDEE41482075ED0C00FE79F0 /* ViewController.swift */; };
		FDEE414C2075ED0C00FE79F0 /* Main.storyboard in Resources */ = {isa = PBXBuildFile; fileRef = FDEE414A2075ED0C00FE79F0 /* Main.storyboard */; };
		FDEE414E2075ED0C00FE79F0 /* Assets.xcassets in Resources */ = {isa = PBXBuildFile; fileRef = FDEE414D2075ED0C00FE79F0 /* Assets.xcassets */; };
		FDEE41512075ED0C00FE79F0 /* LaunchScreen.storyboard in Resources */ = {isa = PBXBuildFile; fileRef = FDEE414F2075ED0C00FE79F0 /* LaunchScreen.storyboard */; };
/* End PBXBuildFile section */

/* Begin PBXFileReference section */
		FDEE41432075ED0C00FE79F0 /* Alien Animation Timer.app */ = {isa = PBXFileReference; explicitFileType = wrapper.application; includeInIndex = 0; path = "Alien Animation Timer.app"; sourceTree = BUILT_PRODUCTS_DIR; };
		FDEE41462075ED0C00FE79F0 /* AppDelegate.swift */ = {isa = PBXFileReference; lastKnownFileType = sourcecode.swift; path = AppDelegate.swift; sourceTree = "<group>"; };
		FDEE41482075ED0C00FE79F0 /* ViewController.swift */ = {isa = PBXFileReference; lastKnownFileType = sourcecode.swift; path = ViewController.swift; sourceTree = "<group>"; };
		FDEE414B2075ED0C00FE79F0 /* Base */ = {isa = PBXFileReference; lastKnownFileType = file.storyboard; name = Base; path = Base.lproj/Main.storyboard; sourceTree = "<group>"; };
		FDEE414D2075ED0C00FE79F0 /* Assets.xcassets */ = {isa = PBXFileReference; lastKnownFileType = folder.assetcatalog; path = Assets.xcassets; sourceTree = "<group>"; };
		FDEE41502075ED0C00FE79F0 /* Base */ = {isa = PBXFileReference; lastKnownFileType = file.storyboard; name = Base; path = Base.lproj/LaunchScreen.storyboard; sourceTree = "<group>"; };
		FDEE41522075ED0C00FE79F0 /* Info.plist */ = {isa = PBXFileReference; lastKnownFileType = text.plist.xml; path = Info.plist; sourceTree = "<group>"; };
/* End PBXFileReference section */

/* Begin PBXFrameworksBuildPhase section */
		FDEE41402075ED0C00FE79F0 /* Frameworks */ = {
			isa = PBXFrameworksBuildPhase;
			buildActionMask = 2147483647;
			files = (
			);
			runOnlyForDeploymentPostprocessing = 0;
		};
/* End PBXFrameworksBuildPhase section */

/* Begin PBXGroup section */
		FDEE413A2075ED0C00FE79F0 = {
			isa = PBXGroup;
			children = (
				FDEE41452075ED0C00FE79F0 /* Alien Animation Timer */,
				FDEE41442075ED0C00FE79F0 /* Products */,
			);
			sourceTree = "<group>";
		};
		FDEE41442075ED0C00FE79F0 /* Products */ = {
			isa = PBXGroup;
			children = (
				FDEE41432075ED0C00FE79F0 /* Alien Animation Timer.app */,
			);
			name = Products;
			sourceTree = "<group>";
		};
		FDEE41452075ED0C00FE79F0 /* Alien Animation Timer */ = {
			isa = PBXGroup;
			children = (
				FDEE41462075ED0C00FE79F0 /* AppDelegate.swift */,
				FDEE41482075ED0C00FE79F0 /* ViewController.swift */,
				FDEE414A2075ED0C00FE79F0 /* Main.storyboard */,
				FDEE414D2075ED0C00FE79F0 /* Assets.xcassets */,
				FDEE414F2075ED0C00FE79F0 /* LaunchScreen.storyboard */,
				FDEE41522075ED0C00FE79F0 /* Info.plist */,
			);
			path = "Alien Animation Timer";
			sourceTree = "<group>";
		};
/* End PBXGroup section */

/* Begin PBXNativeTarget section */
		FDEE41422075ED0C00FE79F0 /* Alien Animation Timer */ = {
			isa = PBXNativeTarget;
			buildConfigurationList = FDEE41552075ED0C00FE79F0 /* Build configuration list for PBXNativeTarget "Alien Animation Timer" */;
			buildPhases = (
				FDEE413F2075ED0C00FE79F0 /* Sources */,
				FDEE41402075ED0C00FE79F0 /* Frameworks */,
				FDEE41412075ED0C00FE79F0 /* Resources */,
			);
			buildRules = (
			);
			dependencies = (
			);
			name = "Alien Animation Timer";
			productName = "Alien Animation Timer";
			productReference = FDEE41432075ED0C00FE79F0 /* Alien Animation Timer.app */;
			productType = "com.apple.product-type.application";
		};
/* End PBXNativeTarget section */

/* Begin PBXProject section */
		FDEE413B2075ED0C00FE79F0 /* Project object */ = {
			isa = PBXProject;
			attributes = {
				LastSwiftUpdateCheck = 0920;
				LastUpgradeCheck = 0920;
				ORGANIZATIONNAME = D7703_23;
				TargetAttributes = {
					FDEE41422075ED0C00FE79F0 = {
						CreatedOnToolsVersion = 9.2;
						ProvisioningStyle = Automatic;
					};
				};
			};
			buildConfigurationList = FDEE413E2075ED0C00FE79F0 /* Build configuration list for PBXProject "Alien Animation Timer" */;
			compatibilityVersion = "Xcode 8.0";
			developmentRegion = en;
			hasScannedForEncodings = 0;
			knownRegions = (
				en,
				Base,
			);
			mainGroup = FDEE413A2075ED0C00FE79F0;
			productRefGroup = FDEE41442075ED0C00FE79F0 /* Products */;
			projectDirPath = "";
			projectRoot = "";
			targets = (
				FDEE41422075ED0C00FE79F0 /* Alien Animation Timer */,
			);
		};
/* End PBXProject section */

/* Begin PBXResourcesBuildPhase section */
		FDEE41412075ED0C00FE79F0 /* Resources */ = {
			isa = PBXResourcesBuildPhase;
			buildActionMask = 2147483647;
			files = (
				FDEE41512075ED0C00FE79F0 /* LaunchScreen.storyboard in Resources */,
				FDEE414E2075ED0C00FE79F0 /* Assets.xcassets in Resources */,
				FDEE414C2075ED0C00FE79F0 /* Main.storyboard in Resources */,
			);
			runOnlyForDeploymentPostprocessing = 0;
		};
/* End PBXResourcesBuildPhase section */

/* Begin PBXSourcesBuildPhase section */
		FDEE413F2075ED0C00FE79F0 /* Sources */ = {
			isa = PBXSourcesBuildPhase;
			buildActionMask = 2147483647;
			files = (
				FDEE41492075ED0C00FE79F0 /* ViewController.swift in Sources */,
				FDEE41472075ED0C00FE79F0 /* AppDelegate.swift in Sources */,
			);
			runOnlyForDeploymentPostprocessing = 0;
		};
/* End PBXSourcesBuildPhase section */

/* Begin PBXVariantGroup section */
		FDEE414A2075ED0C00FE79F0 /* Main.storyboard */ = {
			isa = PBXVariantGroup;
			children = (
				FDEE414B2075ED0C00FE79F0 /* Base */,
			);
			name = Main.storyboard;
			sourceTree = "<group>";
		};
		FDEE414F2075ED0C00FE79F0 /* LaunchScreen.storyboard */ = {
			isa = PBXVariantGroup;
			children = (
				FDEE41502075ED0C00FE79F0 /* Base */,
			);
			name = LaunchScreen.storyboard;
			sourceTree = "<group>";
		};
/* End PBXVariantGroup section */

/* Begin XCBuildConfiguration section */
		FDEE41532075ED0C00FE79F0 /* Debug */ = {
			isa = XCBuildConfiguration;
			buildSettings = {
				ALWAYS_SEARCH_USER_PATHS = NO;
				CLANG_ANALYZER_NONNULL = YES;
				CLANG_ANALYZER_NUMBER_OBJECT_CONVERSION = YES_AGGRESSIVE;
				CLANG_CXX_LANGUAGE_STANDARD = "gnu++14";
				CLANG_CXX_LIBRARY = "libc++";
				CLANG_ENABLE_MODULES = YES;
				CLANG_ENABLE_OBJC_ARC = YES;
				CLANG_WARN_BLOCK_CAPTURE_AUTORELEASING = YES;
				CLANG_WARN_BOOL_CONVERSION = YES;
				CLANG_WARN_COMMA = YES;
				CLANG_WARN_CONSTANT_CONVERSION = YES;
				CLANG_WARN_DIRECT_OBJC_ISA_USAGE = YES_ERROR;
				CLANG_WARN_DOCUMENTATION_COMMENTS = YES;
				CLANG_WARN_EMPTY_BODY = YES;
				CLANG_WARN_ENUM_CONVERSION = YES;
				CLANG_WARN_INFINITE_RECURSION = YES;
				CLANG_WARN_INT_CONVERSION = YES;
				CLANG_WARN_NON_LITERAL_NULL_CONVERSION = YES;
				CLANG_WARN_OBJC_LITERAL_CONVERSION = YES;
				CLANG_WARN_OBJC_ROOT_CLASS = YES_ERROR;
				CLANG_WARN_RANGE_LOOP_ANALYSIS = YES;
				CLANG_WARN_STRICT_PROTOTYPES = YES;
				CLANG_WARN_SUSPICIOUS_MOVE = YES;
				CLANG_WARN_UNGUARDED_AVAILABILITY = YES_AGGRESSIVE;
				CLANG_WARN_UNREACHABLE_CODE = YES;
				CLANG_WARN__DUPLICATE_METHOD_MATCH = YES;
				CODE_SIGN_IDENTITY = "iPhone Developer";
				COPY_PHASE_STRIP = NO;
				DEBUG_INFORMATION_FORMAT = dwarf;
				ENABLE_STRICT_OBJC_MSGSEND = YES;
				ENABLE_TESTABILITY = YES;
				GCC_C_LANGUAGE_STANDARD = gnu11;
				GCC_DYNAMIC_NO_PIC = NO;
				GCC_NO_COMMON_BLOCKS = YES;
				GCC_OPTIMIZATION_LEVEL = 0;
				GCC_PREPROCESSOR_DEFINITIONS = (
					"DEBUG=1",
					"$(inherited)",
				);
				GCC_WARN_64_TO_32_BIT_CONVERSION = YES;
				GCC_WARN_ABOUT_RETURN_TYPE = YES_ERROR;
				GCC_WARN_UNDECLARED_SELECTOR = YES;
				GCC_WARN_UNINITIALIZED_AUTOS = YES_AGGRESSIVE;
				GCC_WARN_UNUSED_FUNCTION = YES;
				GCC_WARN_UNUSED_VARIABLE = YES;
				IPHONEOS_DEPLOYMENT_TARGET = 11.2;
				MTL_ENABLE_DEBUG_INFO = YES;
				ONLY_ACTIVE_ARCH = YES;
				SDKROOT = iphoneos;
				SWIFT_ACTIVE_COMPILATION_CONDITIONS = DEBUG;
				SWIFT_OPTIMIZATION_LEVEL = "-Onone";
			};
			name = Debug;
		};
		FDEE41542075ED0C00FE79F0 /* Release */ = {
			isa = XCBuildConfiguration;
			buildSettings = {
				ALWAYS_SEARCH_USER_PATHS = NO;
				CLANG_ANALYZER_NONNULL = YES;
				CLANG_ANALYZER_NUMBER_OBJECT_CONVERSION = YES_AGGRESSIVE;
				CLANG_CXX_LANGUAGE_STANDARD = "gnu++14";
				CLANG_CXX_LIBRARY = "libc++";
				CLANG_ENABLE_MODULES = YES;
				CLANG_ENABLE_OBJC_ARC = YES;
				CLANG_WARN_BLOCK_CAPTURE_AUTORELEASING = YES;
				CLANG_WARN_BOOL_CONVERSION = YES;
				CLANG_WARN_COMMA = YES;
				CLANG_WARN_CONSTANT_CONVERSION = YES;
				CLANG_WARN_DIRECT_OBJC_ISA_USAGE = YES_ERROR;
				CLANG_WARN_DOCUMENTATION_COMMENTS = YES;
				CLANG_WARN_EMPTY_BODY = YES;
				CLANG_WARN_ENUM_CONVERSION = YES;
				CLANG_WARN_INFINITE_RECURSION = YES;
				CLANG_WARN_INT_CONVERSION = YES;
				CLANG_WARN_NON_LITERAL_NULL_CONVERSION = YES;
				CLANG_WARN_OBJC_LITERAL_CONVERSION = YES;
				CLANG_WARN_OBJC_ROOT_CLASS = YES_ERROR;
				CLANG_WARN_RANGE_LOOP_ANALYSIS = YES;
				CLANG_WARN_STRICT_PROTOTYPES = YES;
				CLANG_WARN_SUSPICIOUS_MOVE = YES;
				CLANG_WARN_UNGUARDED_AVAILABILITY = YES_AGGRESSIVE;
				CLANG_WARN_UNREACHABLE_CODE = YES;
				CLANG_WARN__DUPLICATE_METHOD_MATCH = YES;
				CODE_SIGN_IDENTITY = "iPhone Developer";
				COPY_PHASE_STRIP = NO;
				DEBUG_INFORMATION_FORMAT = "dwarf-with-dsym";
				ENABLE_NS_ASSERTIONS = NO;
				ENABLE_STRICT_OBJC_MSGSEND = YES;
				GCC_C_LANGUAGE_STANDARD = gnu11;
				GCC_NO_COMMON_BLOCKS = YES;
				GCC_WARN_64_TO_32_BIT_CONVERSION = YES;
				GCC_WARN_ABOUT_RETURN_TYPE = YES_ERROR;
				GCC_WARN_UNDECLARED_SELECTOR = YES;
				GCC_WARN_UNINITIALIZED_AUTOS = YES_AGGRESSIVE;
				GCC_WARN_UNUSED_FUNCTION = YES;
				GCC_WARN_UNUSED_VARIABLE = YES;
				IPHONEOS_DEPLOYMENT_TARGET = 11.2;
				MTL_ENABLE_DEBUG_INFO = NO;
				SDKROOT = iphoneos;
				SWIFT_OPTIMIZATION_LEVEL = "-Owholemodule";
				VALIDATE_PRODUCT = YES;
			};
			name = Release;
		};
		FDEE41562075ED0C00FE79F0 /* Debug */ = {
			isa = XCBuildConfiguration;
			buildSettings = {
				ASSETCATALOG_COMPILER_APPICON_NAME = AppIcon;
				CODE_SIGN_STYLE = Automatic;
				INFOPLIST_FILE = "Alien Animation Timer/Info.plist";
				LD_RUNPATH_SEARCH_PATHS = "$(inherited) @executable_path/Frameworks";
				PRODUCT_BUNDLE_IDENTIFIER = "dit.ac.kr.Alien-Animation-Timer";
				PRODUCT_NAME = "$(TARGET_NAME)";
				SWIFT_VERSION = 4.0;
				TARGETED_DEVICE_FAMILY = "1,2";
			};
			name = Debug;
		};
		FDEE41572075ED0C00FE79F0 /* Release */ = {
			isa = XCBuildConfiguration;
			buildSettings = {
				ASSETCATALOG_COMPILER_APPICON_NAME = AppIcon;
				CODE_SIGN_STYLE = Automatic;
				INFOPLIST_FILE = "Alien Animation Timer/Info.plist";
				LD_RUNPATH_SEARCH_PATHS = "$(inherited) @executable_path/Frameworks";
				PRODUCT_BUNDLE_IDENTIFIER = "dit.ac.kr.Alien-Animation-Timer";
				PRODUCT_NAME = "$(TARGET_NAME)";
				SWIFT_VERSION = 4.0;
				TARGETED_DEVICE_FAMILY = "1,2";
			};
			name = Release;
		};
/* End XCBuildConfiguration section */

/* Begin XCConfigurationList section */
		FDEE413E2075ED0C00FE79F0 /* Build configuration list for PBXProject "Alien Animation Timer" */ = {
			isa = XCConfigurationList;
			buildConfigurations = (
				FDEE41532075ED0C00FE79F0 /* Debug */,
				FDEE41542075ED0C00FE79F0 /* Release */,
			);
			defaultConfigurationIsVisible = 0;
			defaultConfigurationName = Release;
		};
		FDEE41552075ED0C00FE79F0 /* Build configuration list for PBXNativeTarget "Alien Animation Timer" */ = {
			isa = XCConfigurationList;
			buildConfigurations = (
				FDEE41562075ED0C00FE79F0 /* Debug */,
				FDEE41572075ED0C00FE79F0 /* Release */,
			);
			defaultConfigurationIsVisible = 0;
			defaultConfigurationName = Release;
		};
/* End XCConfigurationList section */
	};
	rootObject = FDEE413B2075ED0C00FE79F0 /* Project object */;
}
